{
  "paketler": {
    "huma_sunucu": {
      "surum": "1.0.0",
      "hash": "8ee61692d5f9c4e9efcfbf0d4256d17f193d0ee1565bc729fbf424f76110c48a"
    },
    "nlp_temel": {
      "surum": "1.0.0",
      "hash": "4859be4167782f25c34836e914061a82e5ec7326a8ed5bffce8b5587d669de9c"
    },
    "ag_istekleri": {
      "surum": "1.0.0",
      "hash": "4532221689bed54a3c1996812d5ab4d98f5f7a35b2012911f357721437f12103"
    }
  },
  "guncelleme_zamani": "2026-03-31T22:21:52.179120198+03:00"
}